
Microsoft Visual Studio Solution File, Format Version 12.00
# Visual Studio Version 17
VisualStudioVersion = 17.11.35312.102
MinimumVisualStudioVersion = 10.0.40219.1
Project("{FAE04EC0-301F-11D3-BF4B-00C04F79EFBC}") = "TicTacToe", "TicTacToe.csproj", "{9B295953-DEB9-42A9-8220-90B1948680CB}"
EndProject
Global
	GlobalSection(SolutionConfigurationPlatforms) = preSolution
		Debug|Any CPU = Debug|Any CPU
		Release|Any CPU = Release|Any CPU
	EndGlobalSection
	GlobalSection(ProjectConfigurationPlatforms) = postSolution
		{9B295953-DEB9-42A9-8220-90B1948680CB}.Debug|Any CPU.ActiveCfg = Debug|Any CPU
		{9B295953-DEB9-42A9-8220-90B1948680CB}.Debug|Any CPU.Build.0 = Debug|Any CPU
		{9B295953-DEB9-42A9-8220-90B1948680CB}.Release|Any CPU.ActiveCfg = Release|Any CPU
		{9B295953-DEB9-42A9-8220-90B1948680CB}.Release|Any CPU.Build.0 = Release|Any CPU
	EndGlobalSection
	GlobalSection(SolutionProperties) = preSolution
		HideSolutionNode = FALSE
	EndGlobalSection
	GlobalSection(ExtensibilityGlobals) = postSolution
		SolutionGuid = {219AD955-1226-4CED-B07A-6D86CEE93B95}
	EndGlobalSection
EndGlobal
